
Microsoft Visual Studio Solution File, Format Version 12.00
# Visual Studio Version 17
VisualStudioVersion = 17.0.31919.166
MinimumVisualStudioVersion = 10.0.40219.1
Project("{9A19103F-16F7-4668-BE54-9A1E7A4F7556}") = "NServiceBus.TransactionalSession", "NServiceBus.TransactionalSession\NServiceBus.TransactionalSession.csproj", "{B4882309-F2E5-4B96-8A98-CFACB30AD117}"
EndProject
Project("{9A19103F-16F7-4668-BE54-9A1E7A4F7556}") = "NServiceBus.TransactionalSession.AcceptanceTests", "NServiceBus.TransactionalSession.AcceptanceTests\NServiceBus.TransactionalSession.AcceptanceTests.csproj", "{4994C04C-42CA-467E-922E-AA1E63E8EAE3}"
EndProject
Project("{9A19103F-16F7-4668-BE54-9A1E7A4F7556}") = "NServiceBus.TransactionalSession.Tests", "NServiceBus.TransactionalSession.Tests\NServiceBus.TransactionalSession.Tests.csproj", "{7073F510-9FD4-4D2A-9312-C379827F39F4}"
EndProject
Project("{9A19103F-16F7-4668-BE54-9A1E7A4F7556}") = "NServiceBus.TransactionalSession.CustomTestingPersistence", "NServiceBus.TransactionalSession.CustomTestingPersistence\NServiceBus.TransactionalSession.CustomTestingPersistence.csproj", "{7A3795DA-3A35-42DA-9B45-E2800D2E2B0E}"
EndProject
Project("{2150E333-8FDC-42A3-9474-1A3956D46DE8}") = "PersistenceTests", "PersistenceTests", "{5A15D426-1134-4965-8DC0-F86A773922A9}"
EndProject
Project("{9A19103F-16F7-4668-BE54-9A1E7A4F7556}") = "NServiceBus.TransactionalSession.AcceptanceTests.SqlP", "NServiceBus.TransactionalSession.AcceptanceTests.SqlP\NServiceBus.TransactionalSession.AcceptanceTests.SqlP.csproj", "{5DB1761C-04DC-4D2B-9D51-28823B9BF111}"
EndProject
Project("{9A19103F-16F7-4668-BE54-9A1E7A4F7556}") = "NServiceBus.TransactionalSession.AcceptanceTests.NHibernate", "NServiceBus.TransactionalSession.AcceptanceTests.NHibernate\NServiceBus.TransactionalSession.AcceptanceTests.NHibernate.csproj", "{BF941627-534C-4E9D-BBE7-B0F9ED5525EF}"
EndProject
Project("{9A19103F-16F7-4668-BE54-9A1E7A4F7556}") = "NServiceBus.TransactionalSession.AcceptanceTests.MongoDB", "NServiceBus.TransactionalSession.AcceptanceTests.MongoDB\NServiceBus.TransactionalSession.AcceptanceTests.MongoDB.csproj", "{EBAFC9AD-25ED-41C4-A63A-890D0EFB631E}"
EndProject
Project("{FAE04EC0-301F-11D3-BF4B-00C04F79EFBC}") = "NServiceBus.TransactionalSession.AcceptanceTests.RavenDB", "NServiceBus.TransactionalSession.AcceptanceTests.RavenDB\NServiceBus.TransactionalSession.AcceptanceTests.RavenDB.csproj", "{0B5EF539-00A2-4D78-9B3F-19278F9EF192}"
EndProject
Global
	GlobalSection(SolutionConfigurationPlatforms) = preSolution
		Debug|Any CPU = Debug|Any CPU
		Release|Any CPU = Release|Any CPU
	EndGlobalSection
	GlobalSection(ProjectConfigurationPlatforms) = postSolution
		{B4882309-F2E5-4B96-8A98-CFACB30AD117}.Debug|Any CPU.ActiveCfg = Debug|Any CPU
		{B4882309-F2E5-4B96-8A98-CFACB30AD117}.Debug|Any CPU.Build.0 = Debug|Any CPU
		{B4882309-F2E5-4B96-8A98-CFACB30AD117}.Release|Any CPU.ActiveCfg = Release|Any CPU
		{B4882309-F2E5-4B96-8A98-CFACB30AD117}.Release|Any CPU.Build.0 = Release|Any CPU
		{4994C04C-42CA-467E-922E-AA1E63E8EAE3}.Debug|Any CPU.ActiveCfg = Debug|Any CPU
		{4994C04C-42CA-467E-922E-AA1E63E8EAE3}.Debug|Any CPU.Build.0 = Debug|Any CPU
		{4994C04C-42CA-467E-922E-AA1E63E8EAE3}.Release|Any CPU.ActiveCfg = Release|Any CPU
		{4994C04C-42CA-467E-922E-AA1E63E8EAE3}.Release|Any CPU.Build.0 = Release|Any CPU
		{7073F510-9FD4-4D2A-9312-C379827F39F4}.Debug|Any CPU.ActiveCfg = Debug|Any CPU
		{7073F510-9FD4-4D2A-9312-C379827F39F4}.Debug|Any CPU.Build.0 = Debug|Any CPU
		{7073F510-9FD4-4D2A-9312-C379827F39F4}.Release|Any CPU.ActiveCfg = Release|Any CPU
		{7073F510-9FD4-4D2A-9312-C379827F39F4}.Release|Any CPU.Build.0 = Release|Any CPU
		{7A3795DA-3A35-42DA-9B45-E2800D2E2B0E}.Debug|Any CPU.ActiveCfg = Debug|Any CPU
		{7A3795DA-3A35-42DA-9B45-E2800D2E2B0E}.Debug|Any CPU.Build.0 = Debug|Any CPU
		{7A3795DA-3A35-42DA-9B45-E2800D2E2B0E}.Release|Any CPU.ActiveCfg = Release|Any CPU
		{7A3795DA-3A35-42DA-9B45-E2800D2E2B0E}.Release|Any CPU.Build.0 = Release|Any CPU
		{5DB1761C-04DC-4D2B-9D51-28823B9BF111}.Debug|Any CPU.ActiveCfg = Debug|Any CPU
		{5DB1761C-04DC-4D2B-9D51-28823B9BF111}.Debug|Any CPU.Build.0 = Debug|Any CPU
		{5DB1761C-04DC-4D2B-9D51-28823B9BF111}.Release|Any CPU.ActiveCfg = Release|Any CPU
		{5DB1761C-04DC-4D2B-9D51-28823B9BF111}.Release|Any CPU.Build.0 = Release|Any CPU
		{BF941627-534C-4E9D-BBE7-B0F9ED5525EF}.Debug|Any CPU.ActiveCfg = Debug|Any CPU
		{BF941627-534C-4E9D-BBE7-B0F9ED5525EF}.Debug|Any CPU.Build.0 = Debug|Any CPU
		{BF941627-534C-4E9D-BBE7-B0F9ED5525EF}.Release|Any CPU.ActiveCfg = Release|Any CPU
		{BF941627-534C-4E9D-BBE7-B0F9ED5525EF}.Release|Any CPU.Build.0 = Release|Any CPU
		{EBAFC9AD-25ED-41C4-A63A-890D0EFB631E}.Debug|Any CPU.ActiveCfg = Debug|Any CPU
		{EBAFC9AD-25ED-41C4-A63A-890D0EFB631E}.Debug|Any CPU.Build.0 = Debug|Any CPU
		{EBAFC9AD-25ED-41C4-A63A-890D0EFB631E}.Release|Any CPU.ActiveCfg = Release|Any CPU
		{EBAFC9AD-25ED-41C4-A63A-890D0EFB631E}.Release|Any CPU.Build.0 = Release|Any CPU
		{0B5EF539-00A2-4D78-9B3F-19278F9EF192}.Debug|Any CPU.ActiveCfg = Debug|Any CPU
		{0B5EF539-00A2-4D78-9B3F-19278F9EF192}.Debug|Any CPU.Build.0 = Debug|Any CPU
		{0B5EF539-00A2-4D78-9B3F-19278F9EF192}.Release|Any CPU.ActiveCfg = Release|Any CPU
		{0B5EF539-00A2-4D78-9B3F-19278F9EF192}.Release|Any CPU.Build.0 = Release|Any CPU
	EndGlobalSection
	GlobalSection(SolutionProperties) = preSolution
		HideSolutionNode = FALSE
	EndGlobalSection
	GlobalSection(NestedProjects) = preSolution
		{5DB1761C-04DC-4D2B-9D51-28823B9BF111} = {5A15D426-1134-4965-8DC0-F86A773922A9}
		{BF941627-534C-4E9D-BBE7-B0F9ED5525EF} = {5A15D426-1134-4965-8DC0-F86A773922A9}
		{EBAFC9AD-25ED-41C4-A63A-890D0EFB631E} = {5A15D426-1134-4965-8DC0-F86A773922A9}
		{0B5EF539-00A2-4D78-9B3F-19278F9EF192} = {5A15D426-1134-4965-8DC0-F86A773922A9}
	EndGlobalSection
	GlobalSection(ExtensibilityGlobals) = postSolution
		SolutionGuid = {D4D1D003-1CA9-4B9E-AFE4-D1D8FAD1E229}
	EndGlobalSection
EndGlobal
